
Microsoft Visual Studio Solution File, Format Version 12.00
# Visual Studio Version 16
VisualStudioVersion = 16.6.30114.105
MinimumVisualStudioVersion = 10.0.40219.1
Project("{FAE04EC0-301F-11D3-BF4B-00C04F79EFBC}") = "Sentry.Cli.MSBuild", "Sentry.Cli.MSBuild\Sentry.Cli.MSBuild.csproj", "{DF1329BB-B5FD-4F46-96D3-9CC200801474}"
EndProject
Project("{FAE04EC0-301F-11D3-BF4B-00C04F79EFBC}") = "Sentry.Cli", "Sentry.Cli\Sentry.Cli.csproj", "{DF9B1577-A806-4DFA-82C4-997F9F81435D}"
EndProject
Project("{FAE04EC0-301F-11D3-BF4B-00C04F79EFBC}") = "Sentry.Cli.MSBuild.Tests", "Sentry.Cli.MSBuild.Tests\Sentry.Cli.MSBuild.Tests.csproj", "{36FADE1D-91F9-46B5-B9CF-F85C0C5058F4}"
EndProject
Global
	GlobalSection(SolutionConfigurationPlatforms) = preSolution
		Debug|Any CPU = Debug|Any CPU
		Debug|x64 = Debug|x64
		Debug|x86 = Debug|x86
		Release|Any CPU = Release|Any CPU
		Release|x64 = Release|x64
		Release|x86 = Release|x86
	EndGlobalSection
	GlobalSection(SolutionProperties) = preSolution
		HideSolutionNode = FALSE
	EndGlobalSection
	GlobalSection(ProjectConfigurationPlatforms) = postSolution
		{DF1329BB-B5FD-4F46-96D3-9CC200801474}.Debug|Any CPU.ActiveCfg = Debug|Any CPU
		{DF1329BB-B5FD-4F46-96D3-9CC200801474}.Debug|Any CPU.Build.0 = Debug|Any CPU
		{DF1329BB-B5FD-4F46-96D3-9CC200801474}.Debug|x64.ActiveCfg = Debug|Any CPU
		{DF1329BB-B5FD-4F46-96D3-9CC200801474}.Debug|x64.Build.0 = Debug|Any CPU
		{DF1329BB-B5FD-4F46-96D3-9CC200801474}.Debug|x86.ActiveCfg = Debug|Any CPU
		{DF1329BB-B5FD-4F46-96D3-9CC200801474}.Debug|x86.Build.0 = Debug|Any CPU
		{DF1329BB-B5FD-4F46-96D3-9CC200801474}.Release|Any CPU.ActiveCfg = Release|Any CPU
		{DF1329BB-B5FD-4F46-96D3-9CC200801474}.Release|Any CPU.Build.0 = Release|Any CPU
		{DF1329BB-B5FD-4F46-96D3-9CC200801474}.Release|x64.ActiveCfg = Release|Any CPU
		{DF1329BB-B5FD-4F46-96D3-9CC200801474}.Release|x64.Build.0 = Release|Any CPU
		{DF1329BB-B5FD-4F46-96D3-9CC200801474}.Release|x86.ActiveCfg = Release|Any CPU
		{DF1329BB-B5FD-4F46-96D3-9CC200801474}.Release|x86.Build.0 = Release|Any CPU
		{DF9B1577-A806-4DFA-82C4-997F9F81435D}.Debug|Any CPU.ActiveCfg = Debug|Any CPU
		{DF9B1577-A806-4DFA-82C4-997F9F81435D}.Debug|x64.ActiveCfg = Debug|Any CPU
		{DF9B1577-A806-4DFA-82C4-997F9F81435D}.Debug|x64.Build.0 = Debug|Any CPU
		{DF9B1577-A806-4DFA-82C4-997F9F81435D}.Debug|x86.ActiveCfg = Debug|Any CPU
		{DF9B1577-A806-4DFA-82C4-997F9F81435D}.Debug|x86.Build.0 = Debug|Any CPU
		{DF9B1577-A806-4DFA-82C4-997F9F81435D}.Release|Any CPU.ActiveCfg = Release|Any CPU
		{DF9B1577-A806-4DFA-82C4-997F9F81435D}.Release|Any CPU.Build.0 = Release|Any CPU
		{DF9B1577-A806-4DFA-82C4-997F9F81435D}.Release|x64.ActiveCfg = Release|Any CPU
		{DF9B1577-A806-4DFA-82C4-997F9F81435D}.Release|x64.Build.0 = Release|Any CPU
		{DF9B1577-A806-4DFA-82C4-997F9F81435D}.Release|x86.ActiveCfg = Release|Any CPU
		{DF9B1577-A806-4DFA-82C4-997F9F81435D}.Release|x86.Build.0 = Release|Any CPU
		{36FADE1D-91F9-46B5-B9CF-F85C0C5058F4}.Debug|Any CPU.ActiveCfg = Debug|Any CPU
		{36FADE1D-91F9-46B5-B9CF-F85C0C5058F4}.Debug|Any CPU.Build.0 = Debug|Any CPU
		{36FADE1D-91F9-46B5-B9CF-F85C0C5058F4}.Debug|x64.ActiveCfg = Debug|Any CPU
		{36FADE1D-91F9-46B5-B9CF-F85C0C5058F4}.Debug|x64.Build.0 = Debug|Any CPU
		{36FADE1D-91F9-46B5-B9CF-F85C0C5058F4}.Debug|x86.ActiveCfg = Debug|Any CPU
		{36FADE1D-91F9-46B5-B9CF-F85C0C5058F4}.Debug|x86.Build.0 = Debug|Any CPU
		{36FADE1D-91F9-46B5-B9CF-F85C0C5058F4}.Release|Any CPU.ActiveCfg = Release|Any CPU
		{36FADE1D-91F9-46B5-B9CF-F85C0C5058F4}.Release|Any CPU.Build.0 = Release|Any CPU
		{36FADE1D-91F9-46B5-B9CF-F85C0C5058F4}.Release|x64.ActiveCfg = Release|Any CPU
		{36FADE1D-91F9-46B5-B9CF-F85C0C5058F4}.Release|x64.Build.0 = Release|Any CPU
		{36FADE1D-91F9-46B5-B9CF-F85C0C5058F4}.Release|x86.ActiveCfg = Release|Any CPU
		{36FADE1D-91F9-46B5-B9CF-F85C0C5058F4}.Release|x86.Build.0 = Release|Any CPU
	EndGlobalSection
EndGlobal
